e8776009da0d4581d3b945f5b276d1fbeaa1fc0c356bdbcf79ad37f2e1f26e64  crates/aura-app/src/contract/ipc.rs
e73c77d6ac620fb3e62a91f2342dd22061769977dc6db49abdd60d669464ab7f  crates/aura-catalog/migrations/0001_init.sql
85ea635482a2e0b25be5f109737acb2529d7cd88b742fb0e19065b1be32936df  crates/aura-core/src/contract/consent.rs
580859e76ab69bbbc8b46688939f6cf109115b82af69bd7289b0feca540ab75a  crates/aura-core/src/contract/error.rs
f7561fa5aa7573450f9181e65d2dd8e7259b27bddb5cbfccd70445354f551c9c  crates/aura-core/src/contract/ids.rs
43e4a6a59203ce24c6e4014f6d2e1b08edc9ac734f67de81daf2e7a22d369ab6  crates/aura-ingest/src/contract/ingest.rs
0a364991ca2f5718daed822a7c8ba2099c7dd0bc833c91b6b8119573af7b9ed3  crates/aura-preview/src/contract/service.rs
0b1716c1e5cf780b5535a5761d67676a5d96a7ea5f563a4b43a496187f8f0890  crates/aura-raw/src/contract/pixels.rs
d70190129547cfcc548915e34dd7e8539bf74ed1fcaad042eb4cf9b47a1a73c5  crates/aura-raw/src/contract/sidecar.rs
f12a8d57f538b37308b32006ae4d394a35bcaa4b59861605a21414af41f6edec  ui/src/ipc/types.ts
