208ceff71ebf6922ce16500c219e28778816f89e4dd55450bbbe1bce10eae2a6  crates/aura-app/src/contract/ipc.rs
e73c77d6ac620fb3e62a91f2342dd22061769977dc6db49abdd60d669464ab7f  crates/aura-catalog/migrations/0001_init.sql
1026d7b8166dc998476f1f009fb660e8a9a7ee7ac6866096eaf2a57fbdfda063  crates/aura-catalog/migrations/0004_cloud_audit.sql
c0db688ee7efb4acf16b82555ffebff15eb28d241268080e81e0d66ec31cb0b5  crates/aura-catalog/migrations/0005_embeddings.sql
c4f4f310165890068cd81af7ddaa6f8c345493c55034c95dcfb03fa53577beeb  crates/aura-catalog/migrations/0006_people.sql
4373f4b61775f70de4f94dabb1a2204a32267d12fdcd0a044b39d32375171064  crates/aura-catalog/migrations/0007_scenes.sql
bcaea0744086d8587654f603655e4e4c5fbb7db2f838817ee2b69b8458977c98  crates/aura-catalog/migrations/0008_moments.sql
39ead87b3739e84c1e8eb58a7a99fbe54f69dff244b7ad5f8ca9741ba02e457e  crates/aura-catalog/migrations/0009_integrity.sql
c41a31016d0a569d8d1f0ec0de3756dda4afd42e8339104c2ff1c745ae95e79c  crates/aura-catalog/migrations/0010_emotion.sql
b8796f0873b3ecbf4e73d49eda728991e364f239a374537b38d2b80e8d55f368  crates/aura-catalog/migrations/0011_composition.sql
b7140b99accf54b880342e269994f9af93fd6460b8f18214a6400caf2d620117  crates/aura-catalog/migrations/0012_selection.sql
dfcdaa2d754316570900da50944241b76e622f2dff4f6ada1f30ec6059ad155a  crates/aura-catalog/migrations/0013_ledger.sql
eaefdc15a35dff27bde561f8c25412be293b20cde4d95243c18b35dd58098179  crates/aura-catalog/migrations/0014_develop.sql
a847e4533b6fb28c262083c02d7061af526a7028eeb7e02a77995219f9c18973  crates/aura-catalog/migrations/0015_tone.sql
39f1ea7e3074e05001acf4acfcb4718ece01562cae7ebda309d7643a9ed39ecd  crates/aura-catalog/migrations/0016_colour.sql
adcd22cf652e6c7b5b783eaa8fd7c6c471260c7b87952f658af0ca5c216cfec2  crates/aura-catalog/migrations/0017_style.sql
976ed6bbf30ce2c0124465a288ec21577c94ade306db87ac897cc75392be06ec  crates/aura-catalog/migrations/0018_masks.sql
2d9df2439049aa5422b699063df83da3fdd4d49c442384a82d5b74d6e66d78ba  crates/aura-catalog/migrations/0019_local_light.sql
9ff681fd0cf24d9e51be72d0fda4a1f3d550469a18f53ea591be5b1ecfc0e1a5  crates/aura-catalog/migrations/0020_geometry.sql
a35fc9a1b5d3ed1b19ba0cd57ed1f60c2cf4c7851d99fd3f097869887c635681  crates/aura-catalog/migrations/0021_retouch.sql
13f352caab9d14c7183604b45d25b80197b7d2fb2882fac43a77906ada5b705b  crates/aura-catalog/migrations/0022_micro_retouch.sql
1fa117d87dbd76c89d916b507bc52a22e4dad8fede556f195ecd59c0b04d50cb  crates/aura-catalog/migrations/0023_restoration.sql
9a4003c652145b73a987960cb63e75a2ee5ce0084564b345309c669605c5b1d0  crates/aura-catalog/migrations/0024_cleanup.sql
39bdc1c97065b4d4d75376bf7b54afbd92760e9f7379ae05bac866cd8b5475fc  crates/aura-cloud/src/contract/cloud.rs
60be3087fce5853c681e7ca9506f2fd076a64612b3f6f8c2ba341aeeb8fc5ac1  crates/aura-core/src/contract/cleanup.rs
14a44b84c24a363b1dbc2a884996d9dc8425aa87d939badd09cf33bf5dfad871  crates/aura-core/src/contract/colour.rs
157fb1ddcaaa13e7ba2d12fc3235e9f38f7f6f7cd1b1fe4dfa0dd319acb54279  crates/aura-core/src/contract/composition.rs
d132fad56063619137e8ed78da674db6317d4c8545140f0c6fda58959f2037d0  crates/aura-core/src/contract/composition/flags.rs
85ea635482a2e0b25be5f109737acb2529d7cd88b742fb0e19065b1be32936df  crates/aura-core/src/contract/consent.rs
2d846735ff9d18c200bae43fe68b21cfaacaf22905878d0d4e64de3bc0dda826  crates/aura-core/src/contract/cull.rs
02e0c77ee6ececd50f7ed88404e261b35ca72e8d9cbc86235b838769cb376552  crates/aura-core/src/contract/emotion.rs
580859e76ab69bbbc8b46688939f6cf109115b82af69bd7289b0feca540ab75a  crates/aura-core/src/contract/error.rs
85eb4a9b8ab44910e7a38d9a0ff4dd5ea4b9f5536d275d2b7aef0308b06d661f  crates/aura-core/src/contract/geometry.rs
2abaa24a3290df6c955e7644d83f0293d0ec5f96d922020fa691b56c21a8f319  crates/aura-core/src/contract/ids.rs
ef9882c3508a2dacf269f3fadcfde6a449038fffa62708005ae2b3fceaf10f61  crates/aura-core/src/contract/integrity.rs
830879076bd899bd0f56fb27f5861e41523e1d83aeaff50ada409b2cb9acc764  crates/aura-core/src/contract/ledger.rs
05451ee05cfaf1491ee307ab800fb65933ea749c921ef65a7005929d2e96d460  crates/aura-core/src/contract/local.rs
3325eb1501775858f51c1e58f9bff8068a3f7cfb750e838b8b2150b1eba76f3e  crates/aura-core/src/contract/micro.rs
e8a410a8d33006d77c4f4ac4f2e472e540e1fadcf5cb5eb1f34376b8253de84a  crates/aura-core/src/contract/moment.rs
bb43f1ec62f8221dcaab649e47a9e3fa008beb05a9132a3632a56179d0e8e829  crates/aura-core/src/contract/people.rs
488b4b251d5bf0859d13492de7ae66b3c1d27c2c6980e69457ac8aaf2de2278c  crates/aura-core/src/contract/priority.rs
b1068a724d4ad7c1883a7692c4ed26fc02e3a23ac492d3652a03ae52ad3154fa  crates/aura-core/src/contract/restore.rs
559f6f4df02a142e2832f7ca4317ea456db7739f291e358ccaf3449c4d78545a  crates/aura-core/src/contract/retouch.rs
956fd0a990e3b2b16c81436fdd887a12e2fda64fe186ac221344d72e7e68319c  crates/aura-core/src/contract/scene.rs
050e31bb3d04b4cdeafb07b55f51c36a86744a7f038a59ab1ccae63ba73d099f  crates/aura-core/src/contract/style.rs
07131fe74ee6bf4fc31de05ea589f9546c59598e46e0536a32cc69fd382a640c  crates/aura-core/src/contract/tone.rs
bbddd2eb26e90ac239c4c44c6995aaef40ea4f03be545a5673eafe15e0f4879f  crates/aura-index/src/contract/index.rs
4750f7d5c0d9552736c0259e4d7d8523408f62a8fbcd216770b4f74c109c2547  crates/aura-infer/src/contract/infer.rs
43e4a6a59203ce24c6e4014f6d2e1b08edc9ac734f67de81daf2e7a22d369ab6  crates/aura-ingest/src/contract/ingest.rs
8d1665b571f0abc1a15868df4dfe024de3364c2ee85d1f9bb83fbc8c70705dd2  crates/aura-models/src/contract/manifest.rs
0a364991ca2f5718daed822a7c8ba2099c7dd0bc833c91b6b8119573af7b9ed3  crates/aura-preview/src/contract/service.rs
0b1716c1e5cf780b5535a5761d67676a5d96a7ea5f563a4b43a496187f8f0890  crates/aura-raw/src/contract/pixels.rs
d70190129547cfcc548915e34dd7e8539bf74ed1fcaad042eb4cf9b47a1a73c5  crates/aura-raw/src/contract/sidecar.rs
f3a9cf400b8cd1fbb464933f2a4cdf267eb7160d219c4385d991a0e900d568eb  crates/aura-recipe/src/contract/recipe.rs
ee23e8e79af92c6f9e69f6eb51d0ec6e4fc0bc106fb25c2050c85a4a5931475a  crates/aura-render/shaders/cleanup_paste.wgsl
f1136b8d143ffc522bcc6f91ec53a964e452f7b2217c0394edd9f61010d1dde3  crates/aura-render/shaders/deconv.wgsl
1af3a5d1cb4b63f1d525786ebbc7118cd33f72f4bb72dd234b92069b3d53cdef  crates/aura-render/shaders/denoise_tile.wgsl
2509e92a2a26b7c3f7c944e6ed41dece86ff4ed134bbc2b4b989ad63d164ad65  crates/aura-render/shaders/freq_bands.wgsl
72822d39ba95ea009e1dd02667c0e9900c9ab8327fa7d7f34a650671dce5e99b  crates/aura-render/shaders/geometry.wgsl
cdc10473288528a79cbe93e6112d999671e1164366c5c7dfc4637e3c6a743283  crates/aura-render/shaders/inpaint_patch.wgsl
20aa7c12234ee960b0cd65f645368043f9cc6a3724015637d980bf2dae077292  crates/aura-render/shaders/mask_composite.wgsl
a63a94b88b02f3df09e5808cbe9ba985682d4290e91c0652b9edf55c91e566eb  crates/aura-render/shaders/mask_upsample.wgsl
4e341e460d4a34805cf238f22c8e25a3e17f029fd719c020eb4a8231cfd8e508  crates/aura-render/shaders/micro_apply.wgsl
c324a390153e56daf204b1161571f377a5aa6b5f75442f3f686438ff24feab87  crates/aura-render/shaders/micro_borrow.wgsl
3f175b59ea13758a1521f23c39a7fec06242e0f1f5bb44f2c9f4245d0842b578  crates/aura-render/shaders/retouch_apply.wgsl
b692e1d08f7642d370532b5e947980f8d86ae2cbadc212b125b5ba96072d17d5  crates/aura-render/src/contract/render.rs
d707ca15002555f46b7b9208b6a7a0792b2d8dd2a4e9b08a6f3858ae621218ee  crates/aura-vision/src/contract/mask.rs
84e3ddd3dd1be49360b85cace5344d8076f9e4653751c73adc4016036354769a  ui/src/ipc/types.ts
