065b0a0c7e29744d770899eb66a08b847f051196e10f942abd1fa36fb393ab2d  crates/aura-app/src/contract/ipc.rs
e73c77d6ac620fb3e62a91f2342dd22061769977dc6db49abdd60d669464ab7f  crates/aura-catalog/migrations/0001_init.sql
1026d7b8166dc998476f1f009fb660e8a9a7ee7ac6866096eaf2a57fbdfda063  crates/aura-catalog/migrations/0004_cloud_audit.sql
c0db688ee7efb4acf16b82555ffebff15eb28d241268080e81e0d66ec31cb0b5  crates/aura-catalog/migrations/0005_embeddings.sql
c4f4f310165890068cd81af7ddaa6f8c345493c55034c95dcfb03fa53577beeb  crates/aura-catalog/migrations/0006_people.sql
39bdc1c97065b4d4d75376bf7b54afbd92760e9f7379ae05bac866cd8b5475fc  crates/aura-cloud/src/contract/cloud.rs
85ea635482a2e0b25be5f109737acb2529d7cd88b742fb0e19065b1be32936df  crates/aura-core/src/contract/consent.rs
580859e76ab69bbbc8b46688939f6cf109115b82af69bd7289b0feca540ab75a  crates/aura-core/src/contract/error.rs
2052e426be3e654b85970d44ebca873828b8f15c6cecab3f524e1c88733e9f9b  crates/aura-core/src/contract/ids.rs
cd8d2bda0d8e52c714ce161a73e4a6a22031e476d83bd6aee622b5b2aec07aff  crates/aura-core/src/contract/people.rs
488b4b251d5bf0859d13492de7ae66b3c1d27c2c6980e69457ac8aaf2de2278c  crates/aura-core/src/contract/priority.rs
bbddd2eb26e90ac239c4c44c6995aaef40ea4f03be545a5673eafe15e0f4879f  crates/aura-index/src/contract/index.rs
4750f7d5c0d9552736c0259e4d7d8523408f62a8fbcd216770b4f74c109c2547  crates/aura-infer/src/contract/infer.rs
43e4a6a59203ce24c6e4014f6d2e1b08edc9ac734f67de81daf2e7a22d369ab6  crates/aura-ingest/src/contract/ingest.rs
8d1665b571f0abc1a15868df4dfe024de3364c2ee85d1f9bb83fbc8c70705dd2  crates/aura-models/src/contract/manifest.rs
0a364991ca2f5718daed822a7c8ba2099c7dd0bc833c91b6b8119573af7b9ed3  crates/aura-preview/src/contract/service.rs
0b1716c1e5cf780b5535a5761d67676a5d96a7ea5f563a4b43a496187f8f0890  crates/aura-raw/src/contract/pixels.rs
d70190129547cfcc548915e34dd7e8539bf74ed1fcaad042eb4cf9b47a1a73c5  crates/aura-raw/src/contract/sidecar.rs
e95103fd01a1db6a9c8853987d8a96eacbf1ddcf9c39dcd64a4efd09b485f2ba  ui/src/ipc/types.ts
