{
  "schema": 1,
  "generated_at": "2026-08-12T00:00:00Z",
  "models": [
    {
      "name": "aura_tiny_embedding",
      "version": "1.0.0",
      "task": "embedding",
      "class": "embedding",
      "input": {
        "shape": [
          1,
          3,
          32,
          32
        ],
        "layout": "NCHW",
        "range": "0..1",
        "colour": "srgb"
      },
      "output": {
        "embedding": [
          1,
          32
        ]
      },
      "variants": [
        {
          "ep": "cpu",
          "precision": "fp32",
          "file": "aura_tiny_embedding_1.0.0.fp32.onnx",
          "sha256": "8b5263bea5cbe686deed5c4bc6c7c0d8d4f8adf1c96c42f447d486d72504d445",
          "bytes": 8534
        },
        {
          "ep": "cuda",
          "precision": "fp16",
          "file": "aura_tiny_embedding_1.0.0.fp16.onnx",
          "sha256": "bcd761b68a91e4a51b2aa4fe7a3b0e258e2f72696ad3aeb94ec5ddce41d212d7",
          "bytes": 8534
        },
        {
          "ep": "cpu",
          "precision": "int8",
          "file": "aura_tiny_embedding_1.0.0.int8.onnx",
          "sha256": "17ddd10915cafe4deb93a6070e6fdd8f1e633550c6cd4ddc5f71d5d0dcf79e75",
          "bytes": 8534
        }
      ],
      "licence": "proprietary",
      "model_card": "docs/model-cards/aura_tiny_embedding.md",
      "min_app_version": "0.1.0",
      "working_set_mb": 8,
      "precision_policy": {
        "forbid_int8": false,
        "require_fp32": false
      },
      "opset": 13
    },
    {
      "name": "aura_tiny_scene",
      "version": "1.0.0",
      "task": "multiclass",
      "class": "embedding",
      "input": {
        "shape": [
          1,
          3,
          32,
          32
        ],
        "layout": "NCHW",
        "range": "0..1",
        "colour": "srgb"
      },
      "output": {
        "scene_probs": [
          1,
          6
        ]
      },
      "variants": [
        {
          "ep": "cpu",
          "precision": "fp32",
          "file": "aura_tiny_scene_1.0.0.fp32.onnx",
          "sha256": "2a9cf8f7c09cf97b38dba375eeb609afef3085239e76482840a48a33ee457556",
          "bytes": 1672
        },
        {
          "ep": "cuda",
          "precision": "fp16",
          "file": "aura_tiny_scene_1.0.0.fp16.onnx",
          "sha256": "22a74cbc19b1a0d80d4b6e3567e2914eeaa133be106fb308b57a7ff5f1c65efe",
          "bytes": 1672
        }
      ],
      "licence": "proprietary",
      "model_card": "docs/model-cards/aura_tiny_scene.md",
      "min_app_version": "0.1.0",
      "working_set_mb": 8,
      "precision_policy": {
        "forbid_int8": true,
        "require_fp32": false
      },
      "opset": 13
    },
    {
      "name": "wedding_embedding",
      "version": "1.0.0",
      "task": "embedding",
      "class": "embedding",
      "input": {
        "shape": [
          1,
          3,
          384,
          384
        ],
        "layout": "NCHW",
        "range": "0..1",
        "colour": "srgb"
      },
      "output": {
        "embedding": [
          1,
          512
        ]
      },
      "variants": [
        {
          "ep": "cpu",
          "precision": "fp32",
          "file": "wedding_embedding_1.0.0.fp32.onnx",
          "sha256": "2b43282d1e08cfd54ad2622f929f77740d638683c3e1f53153e4e1c60239492b",
          "bytes": 925996
        },
        {
          "ep": "cuda",
          "precision": "fp16",
          "file": "wedding_embedding_1.0.0.fp16.onnx",
          "sha256": "57407b812536658af577a242ace9720fb9e1059ce61c9e0d6ebfd27873026012",
          "bytes": 925996
        },
        {
          "ep": "cpu",
          "precision": "int8",
          "file": "wedding_embedding_1.0.0.int8.onnx",
          "sha256": "f5feea5cc23c6964706bc2e32077272bde1b351a7fbe7d9d4c0e96d742303caa",
          "bytes": 925996
        }
      ],
      "licence": "proprietary",
      "model_card": "docs/model-cards/wedding_embedding.md",
      "min_app_version": "0.1.0",
      "working_set_mb": 8,
      "precision_policy": {
        "forbid_int8": false,
        "require_fp32": false
      },
      "opset": 13
    },
    {
      "name": "face_detect",
      "version": "1.0.0",
      "task": "detection",
      "class": "segmentation",
      "input": {
        "shape": [
          1,
          3,
          640,
          640
        ],
        "layout": "NCHW",
        "range": "0..1",
        "colour": "srgb"
      },
      "output": {
        "head_16": [
          1,
          20,
          40,
          40
        ],
        "head_32": [
          1,
          20,
          20,
          20
        ],
        "head_8": [
          1,
          20,
          80,
          80
        ]
      },
      "variants": [
        {
          "ep": "cpu",
          "precision": "fp32",
          "file": "face_detect_1.0.0.fp32.onnx",
          "sha256": "13e331357fe269f6575a25c8adb9f9dcc018b0483516ab7d0bef360b56ae8dbb",
          "bytes": 237006
        },
        {
          "ep": "cuda",
          "precision": "fp16",
          "file": "face_detect_1.0.0.fp16.onnx",
          "sha256": "a83fd11bb85d30645ccc11868272cb41aaef19d152968d4c7646cf7e61633407",
          "bytes": 237006
        }
      ],
      "licence": "proprietary",
      "model_card": "docs/model-cards/face_detect.md",
      "min_app_version": "0.1.0",
      "working_set_mb": 8,
      "precision_policy": {
        "forbid_int8": true,
        "require_fp32": false
      },
      "opset": 13
    },
    {
      "name": "face_embed",
      "version": "1.0.0",
      "task": "embedding",
      "class": "embedding",
      "input": {
        "shape": [
          1,
          3,
          112,
          112
        ],
        "layout": "NCHW",
        "range": "0..1",
        "colour": "srgb"
      },
      "output": {
        "embedding": [
          1,
          512
        ]
      },
      "variants": [
        {
          "ep": "cpu",
          "precision": "fp32",
          "file": "face_embed_1.0.0.fp32.onnx",
          "sha256": "d9d7fee567da8a97d7c28bb6876a2b91dd1fea17ec65f38efa1fc78f7fd9971a",
          "bytes": 837393
        },
        {
          "ep": "cuda",
          "precision": "fp16",
          "file": "face_embed_1.0.0.fp16.onnx",
          "sha256": "71619c400b784eded706049582a704c4edfe0aec038a34d9fb4b17f2a7141f7a",
          "bytes": 837393
        },
        {
          "ep": "cpu",
          "precision": "int8",
          "file": "face_embed_1.0.0.int8.onnx",
          "sha256": "6504a81463db3149b5832f25df2c0ff669cabef6bebaab92bbe9c9c0561eb97a",
          "bytes": 837393
        }
      ],
      "licence": "proprietary",
      "model_card": "docs/model-cards/face_embed.md",
      "min_app_version": "0.1.0",
      "working_set_mb": 8,
      "precision_policy": {
        "forbid_int8": false,
        "require_fp32": false
      },
      "opset": 13
    },
    {
      "name": "face_quality",
      "version": "1.0.0",
      "task": "multiclass",
      "class": "embedding",
      "input": {
        "shape": [
          1,
          3,
          112,
          112
        ],
        "layout": "NCHW",
        "range": "0..1",
        "colour": "srgb"
      },
      "output": {
        "quality": [
          1,
          4
        ]
      },
      "variants": [
        {
          "ep": "cpu",
          "precision": "fp32",
          "file": "face_quality_1.0.0.fp32.onnx",
          "sha256": "5f16a22519b0f3f321e5cab43a09d7108b8cbed010083e2c54f8c9790c1d4dd6",
          "bytes": 26043
        },
        {
          "ep": "cuda",
          "precision": "fp16",
          "file": "face_quality_1.0.0.fp16.onnx",
          "sha256": "30a10e81b901039ff892aa0f0201c207c0b3e7157f41c74a8fac4120440756af",
          "bytes": 26043
        }
      ],
      "licence": "proprietary",
      "model_card": "docs/model-cards/face_quality.md",
      "min_app_version": "0.1.0",
      "working_set_mb": 8,
      "precision_policy": {
        "forbid_int8": true,
        "require_fp32": false
      },
      "opset": 13
    },
    {
      "name": "scene_classifier",
      "version": "1.0.0",
      "task": "multiclass",
      "class": "embedding",
      "input": {
        "shape": [
          1,
          528
        ],
        "layout": "NC",
        "range": "unbounded",
        "colour": "none"
      },
      "output": {
        "attr_probs": [
          1,
          14
        ],
        "scene_probs": [
          1,
          22
        ]
      },
      "variants": [
        {
          "ep": "cpu",
          "precision": "fp32",
          "file": "scene_classifier_1.0.0.fp32.onnx",
          "sha256": "84973d60663c81bb2c077b2719b9dd9bd3aea0e7f3bb45094e35deb9fe9cc251",
          "bytes": 579391
        },
        {
          "ep": "cuda",
          "precision": "fp16",
          "file": "scene_classifier_1.0.0.fp16.onnx",
          "sha256": "a7e3568be54e44c80570a5015bdd4b3d92a2c8678b04a6e81c575ee53c7265c6",
          "bytes": 579391
        }
      ],
      "licence": "proprietary",
      "model_card": "docs/model-cards/scene_classifier.md",
      "min_app_version": "0.1.0",
      "working_set_mb": 8,
      "precision_policy": {
        "forbid_int8": true,
        "require_fp32": false
      },
      "opset": 13
    },
    {
      "name": "ritual_classifier",
      "version": "1.0.0",
      "task": "multiclass",
      "class": "embedding",
      "input": {
        "shape": [
          1,
          536
        ],
        "layout": "NC",
        "range": "unbounded",
        "colour": "none"
      },
      "output": {
        "ritual_probs": [
          1,
          160
        ]
      },
      "variants": [
        {
          "ep": "cpu",
          "precision": "fp32",
          "file": "ritual_classifier_1.0.0.fp32.onnx",
          "sha256": "9f6b0a19d492f54f86baeb757c6f3e2c37db3412173033de1d8c48363edd028e",
          "bytes": 536441
        },
        {
          "ep": "cuda",
          "precision": "fp16",
          "file": "ritual_classifier_1.0.0.fp16.onnx",
          "sha256": "9d933cb4f58926ce9c316ad5bcc8f57c0c7b8b66d81919174799c74742fde407",
          "bytes": 536441
        }
      ],
      "licence": "proprietary",
      "model_card": "docs/model-cards/ritual_classifier.md",
      "min_app_version": "0.1.0",
      "working_set_mb": 8,
      "precision_policy": {
        "forbid_int8": true,
        "require_fp32": false
      },
      "opset": 13
    }
  ]
}
